
Microsoft Visual Studio Solution File, Format Version 12.00
# Visual Studio 15
VisualStudioVersion = 15.0.27130.2036
MinimumVisualStudioVersion = 10.0.40219.1
Project("{FAE04EC0-301F-11D3-BF4B-00C04F79EFBC}") = "ChatPaint", "ChatPaint\ChatPaint.csproj", "{3CC61FD1-E4A5-4280-BDA9-60225E2DE354}"
EndProject
Global
	GlobalSection(SolutionConfigurationPlatforms) = preSolution
		Debug|Any CPU = Debug|Any CPU
		Release|Any CPU = Release|Any CPU
	EndGlobalSection
	GlobalSection(ProjectConfigurationPlatforms) = postSolution
		{3CC61FD1-E4A5-4280-BDA9-60225E2DE354}.Debug|Any CPU.ActiveCfg = Debug|Any CPU
		{3CC61FD1-E4A5-4280-BDA9-60225E2DE354}.Debug|Any CPU.Build.0 = Debug|Any CPU
		{3CC61FD1-E4A5-4280-BDA9-60225E2DE354}.Release|Any CPU.ActiveCfg = Release|Any CPU
		{3CC61FD1-E4A5-4280-BDA9-60225E2DE354}.Release|Any CPU.Build.0 = Release|Any CPU
	EndGlobalSection
	GlobalSection(SolutionProperties) = preSolution
		HideSolutionNode = FALSE
	EndGlobalSection
	GlobalSection(ExtensibilityGlobals) = postSolution
		SolutionGuid = {027DD11E-C048-428F-9F13-4EBD980DAB88}
	EndGlobalSection
EndGlobal
